
Microsoft Visual Studio Solution File, Format Version 12.00
# Visual Studio 14
VisualStudioVersion = 14.0.25420.1
MinimumVisualStudioVersion = 10.0.40219.1
Project("{FAE04EC0-301F-11D3-BF4B-00C04F79EFBC}") = "GenericStack", "GenericStack\GenericStack.csproj", "{B2B66E97-00C8-4E61-BFBB-C8768AA58FB1}"
EndProject
Project("{FAE04EC0-301F-11D3-BF4B-00C04F79EFBC}") = "GenericQueue", "GenericQueue\GenericQueue.csproj", "{C2E28817-C8FE-4847-B5EA-7609FBDAFA5C}"
EndProject
Project("{FAE04EC0-301F-11D3-BF4B-00C04F79EFBC}") = "GenericList", "GenericList\GenericList.csproj", "{6C098D22-47BE-4FB0-B17E-0F5435859150}"
EndProject
Project("{FAE04EC0-301F-11D3-BF4B-00C04F79EFBC}") = "GenericTree", "GenericTree\GenericTree.csproj", "{4DDF1881-293C-4BF3-806B-C3F06FD52B78}"
EndProject
Global
	GlobalSection(SolutionConfigurationPlatforms) = preSolution
		Debug|Any CPU = Debug|Any CPU
		Release|Any CPU = Release|Any CPU
	EndGlobalSection
	GlobalSection(ProjectConfigurationPlatforms) = postSolution
		{B2B66E97-00C8-4E61-BFBB-C8768AA58FB1}.Debug|Any CPU.ActiveCfg = Debug|Any CPU
		{B2B66E97-00C8-4E61-BFBB-C8768AA58FB1}.Debug|Any CPU.Build.0 = Debug|Any CPU
		{B2B66E97-00C8-4E61-BFBB-C8768AA58FB1}.Release|Any CPU.ActiveCfg = Release|Any CPU
		{B2B66E97-00C8-4E61-BFBB-C8768AA58FB1}.Release|Any CPU.Build.0 = Release|Any CPU
		{C2E28817-C8FE-4847-B5EA-7609FBDAFA5C}.Debug|Any CPU.ActiveCfg = Debug|Any CPU
		{C2E28817-C8FE-4847-B5EA-7609FBDAFA5C}.Debug|Any CPU.Build.0 = Debug|Any CPU
		{C2E28817-C8FE-4847-B5EA-7609FBDAFA5C}.Release|Any CPU.ActiveCfg = Release|Any CPU
		{C2E28817-C8FE-4847-B5EA-7609FBDAFA5C}.Release|Any CPU.Build.0 = Release|Any CPU
		{6C098D22-47BE-4FB0-B17E-0F5435859150}.Debug|Any CPU.ActiveCfg = Debug|Any CPU
		{6C098D22-47BE-4FB0-B17E-0F5435859150}.Debug|Any CPU.Build.0 = Debug|Any CPU
		{6C098D22-47BE-4FB0-B17E-0F5435859150}.Release|Any CPU.ActiveCfg = Release|Any CPU
		{6C098D22-47BE-4FB0-B17E-0F5435859150}.Release|Any CPU.Build.0 = Release|Any CPU
		{4DDF1881-293C-4BF3-806B-C3F06FD52B78}.Debug|Any CPU.ActiveCfg = Debug|Any CPU
		{4DDF1881-293C-4BF3-806B-C3F06FD52B78}.Debug|Any CPU.Build.0 = Debug|Any CPU
		{4DDF1881-293C-4BF3-806B-C3F06FD52B78}.Release|Any CPU.ActiveCfg = Release|Any CPU
		{4DDF1881-293C-4BF3-806B-C3F06FD52B78}.Release|Any CPU.Build.0 = Release|Any CPU
	EndGlobalSection
	GlobalSection(SolutionProperties) = preSolution
		HideSolutionNode = FALSE
	EndGlobalSection
EndGlobal
